
Microsoft Visual Studio Solution File, Format Version 12.00
# Visual Studio Version 17
VisualStudioVersion = 17.4.33205.214
MinimumVisualStudioVersion = 10.0.40219.1
Project("{9A19103F-16F7-4668-BE54-9A1E7A4F7556}") = "OnlyMusicShop.Web", "OnlyMusicShop\OnlyMusicShop.Web.csproj", "{39E0DE99-078C-46EE-B238-F22E8F368C13}"
EndProject
Project("{9A19103F-16F7-4668-BE54-9A1E7A4F7556}") = "OnlyMusicShop.Application", "OnlyMusicShop.Application\src\OnlyMusicShop.Application\OnlyMusicShop.Application.csproj", "{95BCD649-098B-427D-B0A8-50B189CEF94A}"
EndProject
Project("{9A19103F-16F7-4668-BE54-9A1E7A4F7556}") = "OnlyMusicShop.Application.Tests", "OnlyMusicShop.Application\test\OnlyMusicShop.Application.Tests\OnlyMusicShop.Application.Tests.csproj", "{392BA1F9-3C0C-4586-8FC8-5E4F07D024F1}"
EndProject
Project("{9A19103F-16F7-4668-BE54-9A1E7A4F7556}") = "OnlyMusicShop.Domain", "OnlyMusicShop.Domain\OnlyMusicShop.Domain.csproj", "{CDAA16E8-F793-4612-9C49-4E4E6156F497}"
EndProject
Project("{2150E333-8FDC-42A3-9474-1A3956D46DE8}") = "sessions", "sessions", "{2B27EB60-8478-4D46-BC33-51863BF1E8F5}"
	ProjectSection(SolutionItems) = preProject
		12.01.md = 12.01.md
	EndProjectSection
EndProject
Project("{FAE04EC0-301F-11D3-BF4B-00C04F79EFBC}") = "OnlyMusicShop.Infrastructure", "OnlyMusicShop.Infrastructure\OnlyMusicShop.Infrastructure.csproj", "{0D75E27B-8D95-4765-A78C-94761E1C6383}"
EndProject
Global
	GlobalSection(SolutionConfigurationPlatforms) = preSolution
		Debug|Any CPU = Debug|Any CPU
		Release|Any CPU = Release|Any CPU
	EndGlobalSection
	GlobalSection(ProjectConfigurationPlatforms) = postSolution
		{39E0DE99-078C-46EE-B238-F22E8F368C13}.Debug|Any CPU.ActiveCfg = Debug|Any CPU
		{39E0DE99-078C-46EE-B238-F22E8F368C13}.Debug|Any CPU.Build.0 = Debug|Any CPU
		{39E0DE99-078C-46EE-B238-F22E8F368C13}.Release|Any CPU.ActiveCfg = Release|Any CPU
		{39E0DE99-078C-46EE-B238-F22E8F368C13}.Release|Any CPU.Build.0 = Release|Any CPU
		{95BCD649-098B-427D-B0A8-50B189CEF94A}.Debug|Any CPU.ActiveCfg = Debug|Any CPU
		{95BCD649-098B-427D-B0A8-50B189CEF94A}.Debug|Any CPU.Build.0 = Debug|Any CPU
		{95BCD649-098B-427D-B0A8-50B189CEF94A}.Release|Any CPU.ActiveCfg = Release|Any CPU
		{95BCD649-098B-427D-B0A8-50B189CEF94A}.Release|Any CPU.Build.0 = Release|Any CPU
		{392BA1F9-3C0C-4586-8FC8-5E4F07D024F1}.Debug|Any CPU.ActiveCfg = Debug|Any CPU
		{392BA1F9-3C0C-4586-8FC8-5E4F07D024F1}.Debug|Any CPU.Build.0 = Debug|Any CPU
		{392BA1F9-3C0C-4586-8FC8-5E4F07D024F1}.Release|Any CPU.ActiveCfg = Release|Any CPU
		{392BA1F9-3C0C-4586-8FC8-5E4F07D024F1}.Release|Any CPU.Build.0 = Release|Any CPU
		{CDAA16E8-F793-4612-9C49-4E4E6156F497}.Debug|Any CPU.ActiveCfg = Debug|Any CPU
		{CDAA16E8-F793-4612-9C49-4E4E6156F497}.Debug|Any CPU.Build.0 = Debug|Any CPU
		{CDAA16E8-F793-4612-9C49-4E4E6156F497}.Release|Any CPU.ActiveCfg = Release|Any CPU
		{CDAA16E8-F793-4612-9C49-4E4E6156F497}.Release|Any CPU.Build.0 = Release|Any CPU
		{0D75E27B-8D95-4765-A78C-94761E1C6383}.Debug|Any CPU.ActiveCfg = Debug|Any CPU
		{0D75E27B-8D95-4765-A78C-94761E1C6383}.Debug|Any CPU.Build.0 = Debug|Any CPU
		{0D75E27B-8D95-4765-A78C-94761E1C6383}.Release|Any CPU.ActiveCfg = Release|Any CPU
		{0D75E27B-8D95-4765-A78C-94761E1C6383}.Release|Any CPU.Build.0 = Release|Any CPU
	EndGlobalSection
	GlobalSection(SolutionProperties) = preSolution
		HideSolutionNode = FALSE
	EndGlobalSection
	GlobalSection(ExtensibilityGlobals) = postSolution
		SolutionGuid = {AF8C200D-0405-4EC5-8230-19579201C570}
	EndGlobalSection
EndGlobal
